
Microsoft Visual Studio Solution File, Format Version 12.00
Project("{FAE04EC0-301F-11D3-BF4B-00C04F79EFBC}") = "aoc.2025", "aoc.2025.csproj", "{19E29964-44CA-4786-808A-79176C221E89}"
EndProject
Global
	GlobalSection(SolutionConfigurationPlatforms) = preSolution
		Debug|Any CPU = Debug|Any CPU
		Release|Any CPU = Release|Any CPU
	EndGlobalSection
	GlobalSection(ProjectConfigurationPlatforms) = postSolution
		{19E29964-44CA-4786-808A-79176C221E89}.Debug|Any CPU.ActiveCfg = Debug|Any CPU
		{19E29964-44CA-4786-808A-79176C221E89}.Debug|Any CPU.Build.0 = Debug|Any CPU
		{19E29964-44CA-4786-808A-79176C221E89}.Release|Any CPU.ActiveCfg = Release|Any CPU
		{19E29964-44CA-4786-808A-79176C221E89}.Release|Any CPU.Build.0 = Release|Any CPU
	EndGlobalSection
EndGlobal
